
Microsoft Visual Studio Solution File, Format Version 12.00
# Visual Studio 14
VisualStudioVersion = 14.0.23107.0
MinimumVisualStudioVersion = 10.0.40219.1
Project("{E24C65DC-7377-472B-9ABA-BC803B73C61A}") = "UNIPORTAL(1)", "E:\UNGDUNG\UNIPORTAL\", "{AEB58D53-8F9A-492B-8711-167B9144E535}"
	ProjectSection(WebsiteProperties) = preProject
		TargetFrameworkMoniker = ".NETFramework,Version%3Dv3.5"
		Debug.AspNetCompiler.VirtualPath = "/localhost_50051"
		Debug.AspNetCompiler.PhysicalPath = "E:\UNGDUNG\UNIPORTAL\"
		Debug.AspNetCompiler.TargetPath = "PrecompiledWeb\localhost_50051\"
		Debug.AspNetCompiler.Updateable = "true"
		Debug.AspNetCompiler.ForceOverwrite = "true"
		Debug.AspNetCompiler.FixedNames = "false"
		Debug.AspNetCompiler.Debug = "True"
		Release.AspNetCompiler.VirtualPath = "/localhost_50051"
		Release.AspNetCompiler.PhysicalPath = "E:\UNGDUNG\UNIPORTAL\"
		Release.AspNetCompiler.TargetPath = "PrecompiledWeb\localhost_50051\"
		Release.AspNetCompiler.Updateable = "true"
		Release.AspNetCompiler.ForceOverwrite = "true"
		Release.AspNetCompiler.FixedNames = "false"
		Release.AspNetCompiler.Debug = "False"
		VWDPort = "50051"
		SlnRelativePath = "E:\UNGDUNG\UNIPORTAL\"
	EndProjectSection
EndProject
Global
	GlobalSection(SolutionConfigurationPlatforms) = preSolution
		Debug|Any CPU = Debug|Any CPU
	EndGlobalSection
	GlobalSection(ProjectConfigurationPlatforms) = postSolution
		{AEB58D53-8F9A-492B-8711-167B9144E535}.Debug|Any CPU.ActiveCfg = Debug|Any CPU
		{AEB58D53-8F9A-492B-8711-167B9144E535}.Debug|Any CPU.Build.0 = Debug|Any CPU
	EndGlobalSection
	GlobalSection(SolutionProperties) = preSolution
		HideSolutionNode = FALSE
	EndGlobalSection
EndGlobal
